<Solution>
  <Folder Name="/Solution Items/">
    <File Path=".gitattributes" />
    <File Path=".github/workflows/ci.yml" />
    <File Path=".gitignore" />
    <File Path="LICENSE" />
    <File Path="README.md" />
  </Folder>
  <Project Path="WsaGpsBridge.Core/WsaGpsBridge.Core.csproj" />
  <Project Path="WsaGpsBridge.Tests/WsaGpsBridge.Tests.csproj" />
</Solution>
